// !$*UTF8*$!
{
	archiveVersion = 1;
	classes = {
	};
	objectVersion = 50;
	objects = {

/* Begin PBXBuildFile section */
		48999B8F2457FF03B5351426 /* Pods_HelloWorldCK.framework in Frameworks */ = {isa = PBXBuildFile; fileRef = 57618376E9BD1762A507E06B /* Pods_HelloWorldCK.framework */; };
		E937502A215C4104006FE577 /* LoginViewController.swift in Sources */ = {isa = PBXBuildFile; fileRef = E9375025215C4104006FE577 /* LoginViewController.swift */; };
		E9EEAE29214A950600CCE95B /* AppDelegate.swift in Sources */ = {isa = PBXBuildFile; fileRef = E9EEAE28214A950600CCE95B /* AppDelegate.swift */; };
		E9EEAE2B214A950600CCE95B /* ViewController.swift in Sources */ = {isa = PBXBuildFile; fileRef = E9EEAE2A214A950600CCE95B /* ViewController.swift */; };
		E9EEAE2E214A950600CCE95B /* Main.storyboard in Resources */ = {isa = PBXBuildFile; fileRef = E9EEAE2C214A950600CCE95B /* Main.storyboard */; };
		E9EEAE30214A950900CCE95B /* Assets.xcassets in Resources */ = {isa = PBXBuildFile; fileRef = E9EEAE2F214A950900CCE95B /* Assets.xcassets */; };
		E9EEAE33214A950900CCE95B /* LaunchScreen.storyboard in Resources */ = {isa = PBXBuildFile; fileRef = E9EEAE31214A950900CCE95B /* LaunchScreen.storyboard */; };
		E9EEAE58214A98DF00CCE95B /* ResearchKit.framework in Frameworks */ = {isa = PBXBuildFile; fileRef = E9EEAE55214A98C700CCE95B /* ResearchKit.framework */; };
		E9EEAE59214A98DF00CCE95B /* ResearchKit.framework in Embed Frameworks */ = {isa = PBXBuildFile; fileRef = E9EEAE55214A98C700CCE95B /* ResearchKit.framework */; settings = {ATTRIBUTES = (CodeSignOnCopy, RemoveHeadersOnCopy, ); }; };
		E9EEAE5D214A98E500CCE95B /* CareKit.framework in Frameworks */ = {isa = PBXBuildFile; fileRef = E9EEAE4B214A989A00CCE95B /* CareKit.framework */; };
		E9EEAE5E214A98E500CCE95B /* CareKit.framework in Embed Frameworks */ = {isa = PBXBuildFile; fileRef = E9EEAE4B214A989A00CCE95B /* CareKit.framework */; settings = {ATTRIBUTES = (CodeSignOnCopy, RemoveHeadersOnCopy, ); }; };
		E9EEAE63214ACD4400CCE95B /* CareKitViewController.swift in Sources */ = {isa = PBXBuildFile; fileRef = E9EEAE62214ACD4400CCE95B /* CareKitViewController.swift */; };
		E9EEAEAC214B438E00CCE95B /* ZCService.swift in Sources */ = {isa = PBXBuildFile; fileRef = E9EEAEAB214B438E00CCE95B /* ZCService.swift */; };
		E9EEAEAE214B439B00CCE95B /* ZCServiceProvider.swift in Sources */ = {isa = PBXBuildFile; fileRef = E9EEAEAD214B439B00CCE95B /* ZCServiceProvider.swift */; };
		E9EEAEB2214B452300CCE95B /* MockResource.swift in Sources */ = {isa = PBXBuildFile; fileRef = E9EEAEB0214B452300CCE95B /* MockResource.swift */; };
		E9EEAEB3214B452300CCE95B /* MockService.swift in Sources */ = {isa = PBXBuildFile; fileRef = E9EEAEB1214B452300CCE95B /* MockService.swift */; };
		E9EEAEB7214B464300CCE95B /* CarePlan.swift in Sources */ = {isa = PBXBuildFile; fileRef = E9EEAEB5214B464300CCE95B /* CarePlan.swift */; };
		E9EEAEB8214B464300CCE95B /* Activity.swift in Sources */ = {isa = PBXBuildFile; fileRef = E9EEAEB6214B464300CCE95B /* Activity.swift */; };
		E9EEAEBD214B4EE200CCE95B /* SwiftyJSON.framework in Frameworks */ = {isa = PBXBuildFile; fileRef = E9EEAEBC214B4EE200CCE95B /* SwiftyJSON.framework */; };
		E9EEAEC3214B50F000CCE95B /* careplan.json in Resources */ = {isa = PBXBuildFile; fileRef = E9EEAEC2214B50F000CCE95B /* careplan.json */; };
		E9EEAEC6214B552000CCE95B /* EmoryHealthViewController.swift in Sources */ = {isa = PBXBuildFile; fileRef = E9EEAEC5214B552000CCE95B /* EmoryHealthViewController.swift */; };
/* End PBXBuildFile section */

/* Begin PBXContainerItemProxy section */
		E9EEAE4A214A989A00CCE95B /* PBXContainerItemProxy */ = {
			isa = PBXContainerItemProxy;
			containerPortal = E9EEAE44214A989A00CCE95B /* CareKit.xcodeproj */;
			proxyType = 2;
			remoteGlobalIDString = 8605A5BA1C4F04EC00DD65FF;
			remoteInfo = CareKit;
		};
		E9EEAE4C214A989A00CCE95B /* PBXContainerItemProxy */ = {
			isa = PBXContainerItemProxy;
			containerPortal = E9EEAE44214A989A00CCE95B /* CareKit.xcodeproj */;
			proxyType = 2;
			remoteGlobalIDString = 8605A5C41C4F04EC00DD65FF;
			remoteInfo = CareKitTests;
		};
		E9EEAE54214A98C700CCE95B /* PBXContainerItemProxy */ = {
			isa = PBXContainerItemProxy;
			containerPortal = E9EEAE4E214A98C700CCE95B /* ResearchKit.xcodeproj */;
			proxyType = 2;
			remoteGlobalIDString = B183A5951A8535D100C76870;
			remoteInfo = ResearchKit;
		};
		E9EEAE56214A98C700CCE95B /* PBXContainerItemProxy */ = {
			isa = PBXContainerItemProxy;
			containerPortal = E9EEAE4E214A98C700CCE95B /* ResearchKit.xcodeproj */;
			proxyType = 2;
			remoteGlobalIDString = 86CC8E9A1AC09332001CCD89;
			remoteInfo = ResearchKitTests;
		};
		E9EEAE5A214A98DF00CCE95B /* PBXContainerItemProxy */ = {
			isa = PBXContainerItemProxy;
			containerPortal = E9EEAE4E214A98C700CCE95B /* ResearchKit.xcodeproj */;
			proxyType = 1;
			remoteGlobalIDString = B183A4731A8535D100C76870;
			remoteInfo = ResearchKit;
		};
		E9EEAE5F214A98E500CCE95B /* PBXContainerItemProxy */ = {
			isa = PBXContainerItemProxy;
			containerPortal = E9EEAE44214A989A00CCE95B /* CareKit.xcodeproj */;
			proxyType = 1;
			remoteGlobalIDString = 8605A5B91C4F04EC00DD65FF;
			remoteInfo = CareKit;
		};
/* End PBXContainerItemProxy section */

/* Begin PBXCopyFilesBuildPhase section */
		E9EEAE5C214A98DF00CCE95B /* Embed Frameworks */ = {
			isa = PBXCopyFilesBuildPhase;
			buildActionMask = 2147483647;
			dstPath = "";
			dstSubfolderSpec = 10;
			files = (
				E9EEAE5E214A98E500CCE95B /* CareKit.framework in Embed Frameworks */,
				E9EEAE59214A98DF00CCE95B /* ResearchKit.framework in Embed Frameworks */,
			);
			name = "Embed Frameworks";
			runOnlyForDeploymentPostprocessing = 0;
		};
/* End PBXCopyFilesBuildPhase section */

/* Begin PBXFileReference section */
		326E1ABC1684EA1A554305C6 /* Pods-HelloWorldCK.release.xcconfig */ = {isa = PBXFileReference; includeInIndex = 1; lastKnownFileType = text.xcconfig; name = "Pods-HelloWorldCK.release.xcconfig"; path = "Pods/Target Support Files/Pods-HelloWorldCK/Pods-HelloWorldCK.release.xcconfig"; sourceTree = "<group>"; };
		57618376E9BD1762A507E06B /* Pods_HelloWorldCK.framework */ = {isa = PBXFileReference; explicitFileType = wrapper.framework; includeInIndex = 0; path = Pods_HelloWorldCK.framework; sourceTree = BUILT_PRODUCTS_DIR; };
		8DDF0DA6149C508A39165563 /* Pods-HelloWorldCK.debug.xcconfig */ = {isa = PBXFileReference; includeInIndex = 1; lastKnownFileType = text.xcconfig; name = "Pods-HelloWorldCK.debug.xcconfig"; path = "Pods/Target Support Files/Pods-HelloWorldCK/Pods-HelloWorldCK.debug.xcconfig"; sourceTree = "<group>"; };
		E9375025215C4104006FE577 /* LoginViewController.swift */ = {isa = PBXFileReference; fileEncoding = 4; lastKnownFileType = sourcecode.swift; path = LoginViewController.swift; sourceTree = "<group>"; };
		E9EEAE25214A950600CCE95B /* HelloWorldCK.app */ = {isa = PBXFileReference; explicitFileType = wrapper.application; includeInIndex = 0; path = HelloWorldCK.app; sourceTree = BUILT_PRODUCTS_DIR; };
		E9EEAE28214A950600CCE95B /* AppDelegate.swift */ = {isa = PBXFileReference; lastKnownFileType = sourcecode.swift; path = AppDelegate.swift; sourceTree = "<group>"; };
		E9EEAE2A214A950600CCE95B /* ViewController.swift */ = {isa = PBXFileReference; lastKnownFileType = sourcecode.swift; path = ViewController.swift; sourceTree = "<group>"; };
		E9EEAE2D214A950600CCE95B /* Base */ = {isa = PBXFileReference; lastKnownFileType = file.storyboard; name = Base; path = Base.lproj/Main.storyboard; sourceTree = "<group>"; };
		E9EEAE2F214A950900CCE95B /* Assets.xcassets */ = {isa = PBXFileReference; lastKnownFileType = folder.assetcatalog; path = Assets.xcassets; sourceTree = "<group>"; };
		E9EEAE32214A950900CCE95B /* Base */ = {isa = PBXFileReference; lastKnownFileType = file.storyboard; name = Base; path = Base.lproj/LaunchScreen.storyboard; sourceTree = "<group>"; };
		E9EEAE34214A950900CCE95B /* Info.plist */ = {isa = PBXFileReference; lastKnownFileType = text.plist.xml; path = Info.plist; sourceTree = "<group>"; };
		E9EEAE44214A989A00CCE95B /* CareKit.xcodeproj */ = {isa = PBXFileReference; lastKnownFileType = "wrapper.pb-project"; name = CareKit.xcodeproj; path = ../Carebook/carekit/CareKit.xcodeproj; sourceTree = "<group>"; };
		E9EEAE4E214A98C700CCE95B /* ResearchKit.xcodeproj */ = {isa = PBXFileReference; lastKnownFileType = "wrapper.pb-project"; name = ResearchKit.xcodeproj; path = ../Carebook/carekit/dependency/ResearchKit.xcodeproj; sourceTree = "<group>"; };
		E9EEAE61214A9C9400CCE95B /* HelloWorldCK.entitlements */ = {isa = PBXFileReference; lastKnownFileType = text.plist.entitlements; path = HelloWorldCK.entitlements; sourceTree = "<group>"; };
		E9EEAE62214ACD4400CCE95B /* CareKitViewController.swift */ = {isa = PBXFileReference; lastKnownFileType = sourcecode.swift; path = CareKitViewController.swift; sourceTree = "<group>"; };
		E9EEAEAB214B438E00CCE95B /* ZCService.swift */ = {isa = PBXFileReference; fileEncoding = 4; lastKnownFileType = sourcecode.swift; path = ZCService.swift; sourceTree = "<group>"; };
		E9EEAEAD214B439B00CCE95B /* ZCServiceProvider.swift */ = {isa = PBXFileReference; fileEncoding = 4; lastKnownFileType = sourcecode.swift; path = ZCServiceProvider.swift; sourceTree = "<group>"; };
		E9EEAEB0214B452300CCE95B /* MockResource.swift */ = {isa = PBXFileReference; fileEncoding = 4; lastKnownFileType = sourcecode.swift; path = MockResource.swift; sourceTree = "<group>"; };
		E9EEAEB1214B452300CCE95B /* MockService.swift */ = {isa = PBXFileReference; fileEncoding = 4; lastKnownFileType = sourcecode.swift; path = MockService.swift; sourceTree = "<group>"; };
		E9EEAEB5214B464300CCE95B /* CarePlan.swift */ = {isa = PBXFileReference; fileEncoding = 4; lastKnownFileType = sourcecode.swift; path = CarePlan.swift; sourceTree = "<group>"; };
		E9EEAEB6214B464300CCE95B /* Activity.swift */ = {isa = PBXFileReference; fileEncoding = 4; lastKnownFileType = sourcecode.swift; path = Activity.swift; sourceTree = "<group>"; };
		E9EEAEBC214B4EE200CCE95B /* SwiftyJSON.framework */ = {isa = PBXFileReference; explicitFileType = wrapper.framework; path = SwiftyJSON.framework; sourceTree = BUILT_PRODUCTS_DIR; };
		E9EEAEC2214B50F000CCE95B /* careplan.json */ = {isa = PBXFileReference; fileEncoding = 4; lastKnownFileType = text.json; path = careplan.json; sourceTree = "<group>"; };
		E9EEAEC5214B552000CCE95B /* EmoryHealthViewController.swift */ = {isa = PBXFileReference; lastKnownFileType = sourcecode.swift; path = EmoryHealthViewController.swift; sourceTree = "<group>"; };
/* End PBXFileReference section */

/* Begin PBXFrameworksBuildPhase section */
		E9EEAE22214A950600CCE95B /* Frameworks */ = {
			isa = PBXFrameworksBuildPhase;
			buildActionMask = 2147483647;
			files = (
				E9EEAEBD214B4EE200CCE95B /* SwiftyJSON.framework in Frameworks */,
				E9EEAE5D214A98E500CCE95B /* CareKit.framework in Frameworks */,
				E9EEAE58214A98DF00CCE95B /* ResearchKit.framework in Frameworks */,
				48999B8F2457FF03B5351426 /* Pods_HelloWorldCK.framework in Frameworks */,
			);
			runOnlyForDeploymentPostprocessing = 0;
		};
/* End PBXFrameworksBuildPhase section */

/* Begin PBXGroup section */
		435EA4B8F96D167B45D37F67 /* Pods */ = {
			isa = PBXGroup;
			children = (
				8DDF0DA6149C508A39165563 /* Pods-HelloWorldCK.debug.xcconfig */,
				326E1ABC1684EA1A554305C6 /* Pods-HelloWorldCK.release.xcconfig */,
			);
			name = Pods;
			sourceTree = "<group>";
		};
		8AE664174885219DF0F9A214 /* Frameworks */ = {
			isa = PBXGroup;
			children = (
				E9EEAEBC214B4EE200CCE95B /* SwiftyJSON.framework */,
				57618376E9BD1762A507E06B /* Pods_HelloWorldCK.framework */,
			);
			name = Frameworks;
			sourceTree = "<group>";
		};
		E9EEAE1C214A950600CCE95B = {
			isa = PBXGroup;
			children = (
				E9EEAE4E214A98C700CCE95B /* ResearchKit.xcodeproj */,
				E9EEAE44214A989A00CCE95B /* CareKit.xcodeproj */,
				E9EEAE27214A950600CCE95B /* HelloWorldCK */,
				E9EEAE26214A950600CCE95B /* Products */,
				435EA4B8F96D167B45D37F67 /* Pods */,
				8AE664174885219DF0F9A214 /* Frameworks */,
			);
			sourceTree = "<group>";
		};
		E9EEAE26214A950600CCE95B /* Products */ = {
			isa = PBXGroup;
			children = (
				E9EEAE25214A950600CCE95B /* HelloWorldCK.app */,
			);
			name = Products;
			sourceTree = "<group>";
		};
		E9EEAE27214A950600CCE95B /* HelloWorldCK */ = {
			isa = PBXGroup;
			children = (
				E9EEAEC4214B50F600CCE95B /* Resource */,
				E9EEAEB9214B464C00CCE95B /* Model */,
				E9EEAEB4214B452900CCE95B /* Mocks */,
				E9EEAEAF214B43A100CCE95B /* Service */,
				E9EEAE61214A9C9400CCE95B /* HelloWorldCK.entitlements */,
				E9EEAE28214A950600CCE95B /* AppDelegate.swift */,
				E9EEAE2A214A950600CCE95B /* ViewController.swift */,
				E9EEAE62214ACD4400CCE95B /* CareKitViewController.swift */,
				E9EEAEC5214B552000CCE95B /* EmoryHealthViewController.swift */,
				E9375025215C4104006FE577 /* LoginViewController.swift */,
				E9EEAE2C214A950600CCE95B /* Main.storyboard */,
				E9EEAE2F214A950900CCE95B /* Assets.xcassets */,
				E9EEAE31214A950900CCE95B /* LaunchScreen.storyboard */,
				E9EEAE34214A950900CCE95B /* Info.plist */,
			);
			path = HelloWorldCK;
			sourceTree = "<group>";
		};
		E9EEAE45214A989A00CCE95B /* Products */ = {
			isa = PBXGroup;
			children = (
				E9EEAE4B214A989A00CCE95B /* CareKit.framework */,
				E9EEAE4D214A989A00CCE95B /* CareKitTests.xctest */,
			);
			name = Products;
			sourceTree = "<group>";
		};
		E9EEAE4F214A98C700CCE95B /* Products */ = {
			isa = PBXGroup;
			children = (
				E9EEAE55214A98C700CCE95B /* ResearchKit.framework */,
				E9EEAE57214A98C700CCE95B /* ResearchKitTests.xctest */,
			);
			name = Products;
			sourceTree = "<group>";
		};
		E9EEAEAF214B43A100CCE95B /* Service */ = {
			isa = PBXGroup;
			children = (
				E9EEAEAB214B438E00CCE95B /* ZCService.swift */,
				E9EEAEAD214B439B00CCE95B /* ZCServiceProvider.swift */,
			);
			path = Service;
			sourceTree = "<group>";
		};
		E9EEAEB4214B452900CCE95B /* Mocks */ = {
			isa = PBXGroup;
			children = (
				E9EEAEB0214B452300CCE95B /* MockResource.swift */,
				E9EEAEB1214B452300CCE95B /* MockService.swift */,
			);
			path = Mocks;
			sourceTree = "<group>";
		};
		E9EEAEB9214B464C00CCE95B /* Model */ = {
			isa = PBXGroup;
			children = (
				E9EEAEB6214B464300CCE95B /* Activity.swift */,
				E9EEAEB5214B464300CCE95B /* CarePlan.swift */,
			);
			path = Model;
			sourceTree = "<group>";
		};
		E9EEAEC4214B50F600CCE95B /* Resource */ = {
			isa = PBXGroup;
			children = (
				E9EEAEC2214B50F000CCE95B /* careplan.json */,
			);
			path = Resource;
			sourceTree = "<group>";
		};
/* End PBXGroup section */

/* Begin PBXNativeTarget section */
		E9EEAE24214A950600CCE95B /* HelloWorldCK */ = {
			isa = PBXNativeTarget;
			buildConfigurationList = E9EEAE37214A950900CCE95B /* Build configuration list for PBXNativeTarget "HelloWorldCK" */;
			buildPhases = (
				8D2635942DCB9BDCAD9FC437 /* [CP] Check Pods Manifest.lock */,
				E9EEAE21214A950600CCE95B /* Sources */,
				E9EEAE22214A950600CCE95B /* Frameworks */,
				E9EEAE23214A950600CCE95B /* Resources */,
				E9EEAE5C214A98DF00CCE95B /* Embed Frameworks */,
				F5043C9EA53F2F9A4CAB5AFC /* [CP] Embed Pods Frameworks */,
			);
			buildRules = (
			);
			dependencies = (
				E9EEAE5B214A98DF00CCE95B /* PBXTargetDependency */,
				E9EEAE60214A98E500CCE95B /* PBXTargetDependency */,
			);
			name = HelloWorldCK;
			productName = HelloWorldCK;
			productReference = E9EEAE25214A950600CCE95B /* HelloWorldCK.app */;
			productType = "com.apple.product-type.application";
		};
/* End PBXNativeTarget section */

/* Begin PBXProject section */
		E9EEAE1D214A950600CCE95B /* Project object */ = {
			isa = PBXProject;
			attributes = {
				LastSwiftUpdateCheck = 0940;
				LastUpgradeCheck = 0940;
				ORGANIZATIONNAME = "Cosmic Arrows, LLC";
				TargetAttributes = {
					E9EEAE24214A950600CCE95B = {
						CreatedOnToolsVersion = 9.4.1;
						SystemCapabilities = {
							com.apple.DataProtection = {
								enabled = 1;
							};
						};
					};
				};
			};
			buildConfigurationList = E9EEAE20214A950600CCE95B /* Build configuration list for PBXProject "HelloWorldCK" */;
			compatibilityVersion = "Xcode 9.3";
			developmentRegion = en;
			hasScannedForEncodings = 0;
			knownRegions = (
				en,
				Base,
			);
			mainGroup = E9EEAE1C214A950600CCE95B;
			productRefGroup = E9EEAE26214A950600CCE95B /* Products */;
			projectDirPath = "";
			projectReferences = (
				{
					ProductGroup = E9EEAE45214A989A00CCE95B /* Products */;
					ProjectRef = E9EEAE44214A989A00CCE95B /* CareKit.xcodeproj */;
				},
				{
					ProductGroup = E9EEAE4F214A98C700CCE95B /* Products */;
					ProjectRef = E9EEAE4E214A98C700CCE95B /* ResearchKit.xcodeproj */;
				},
			);
			projectRoot = "";
			targets = (
				E9EEAE24214A950600CCE95B /* HelloWorldCK */,
			);
		};
/* End PBXProject section */

/* Begin PBXReferenceProxy section */
		E9EEAE4B214A989A00CCE95B /* CareKit.framework */ = {
			isa = PBXReferenceProxy;
			fileType = wrapper.framework;
			path = CareKit.framework;
			remoteRef = E9EEAE4A214A989A00CCE95B /* PBXContainerItemProxy */;
			sourceTree = BUILT_PRODUCTS_DIR;
		};
		E9EEAE4D214A989A00CCE95B /* CareKitTests.xctest */ = {
			isa = PBXReferenceProxy;
			fileType = wrapper.cfbundle;
			path = CareKitTests.xctest;
			remoteRef = E9EEAE4C214A989A00CCE95B /* PBXContainerItemProxy */;
			sourceTree = BUILT_PRODUCTS_DIR;
		};
		E9EEAE55214A98C700CCE95B /* ResearchKit.framework */ = {
			isa = PBXReferenceProxy;
			fileType = wrapper.framework;
			path = ResearchKit.framework;
			remoteRef = E9EEAE54214A98C700CCE95B /* PBXContainerItemProxy */;
			sourceTree = BUILT_PRODUCTS_DIR;
		};
		E9EEAE57214A98C700CCE95B /* ResearchKitTests.xctest */ = {
			isa = PBXReferenceProxy;
			fileType = wrapper.cfbundle;
			path = ResearchKitTests.xctest;
			remoteRef = E9EEAE56214A98C700CCE95B /* PBXContainerItemProxy */;
			sourceTree = BUILT_PRODUCTS_DIR;
		};
/* End PBXReferenceProxy section */

/* Begin PBXResourcesBuildPhase section */
		E9EEAE23214A950600CCE95B /* Resources */ = {
			isa = PBXResourcesBuildPhase;
			buildActionMask = 2147483647;
			files = (
				E9EEAE33214A950900CCE95B /* LaunchScreen.storyboard in Resources */,
				E9EEAE30214A950900CCE95B /* Assets.xcassets in Resources */,
				E9EEAE2E214A950600CCE95B /* Main.storyboard in Resources */,
				E9EEAEC3214B50F000CCE95B /* careplan.json in Resources */,
			);
			runOnlyForDeploymentPostprocessing = 0;
		};
/* End PBXResourcesBuildPhase section */

/* Begin PBXShellScriptBuildPhase section */
		8D2635942DCB9BDCAD9FC437 /* [CP] Check Pods Manifest.lock */ = {
			isa = PBXShellScriptBuildPhase;
			buildActionMask = 2147483647;
			files = (
			);
			inputPaths = (
				"${PODS_PODFILE_DIR_PATH}/Podfile.lock",
				"${PODS_ROOT}/Manifest.lock",
			);
			name = "[CP] Check Pods Manifest.lock";
			outputPaths = (
				"$(DERIVED_FILE_DIR)/Pods-HelloWorldCK-checkManifestLockResult.txt",
			);
			runOnlyForDeploymentPostprocessing = 0;
			shellPath = /bin/sh;
			shellScript = "diff \"${PODS_PODFILE_DIR_PATH}/Podfile.lock\" \"${PODS_ROOT}/Manifest.lock\" > /dev/null\nif [ $? != 0 ] ; then\n    # print error to STDERR\n    echo \"error: The sandbox is not in sync with the Podfile.lock. Run 'pod install' or update your CocoaPods installation.\" >&2\n    exit 1\nfi\n# This output is used by Xcode 'outputs' to avoid re-running this script phase.\necho \"SUCCESS\" > \"${SCRIPT_OUTPUT_FILE_0}\"\n";
			showEnvVarsInLog = 0;
		};
		F5043C9EA53F2F9A4CAB5AFC /* [CP] Embed Pods Frameworks */ = {
			isa = PBXShellScriptBuildPhase;
			buildActionMask = 2147483647;
			files = (
			);
			inputPaths = (
				"${SRCROOT}/Pods/Target Support Files/Pods-HelloWorldCK/Pods-HelloWorldCK-frameworks.sh",
				"${BUILT_PRODUCTS_DIR}/Shimmer/Shimmer.framework",
				"${BUILT_PRODUCTS_DIR}/SwiftyJSON/SwiftyJSON.framework",
			);
			name = "[CP] Embed Pods Frameworks";
			outputPaths = (
				"${TARGET_BUILD_DIR}/${FRAMEWORKS_FOLDER_PATH}/Shimmer.framework",
				"${TARGET_BUILD_DIR}/${FRAMEWORKS_FOLDER_PATH}/SwiftyJSON.framework",
			);
			runOnlyForDeploymentPostprocessing = 0;
			shellPath = /bin/sh;
			shellScript = "\"${SRCROOT}/Pods/Target Support Files/Pods-HelloWorldCK/Pods-HelloWorldCK-frameworks.sh\"\n";
			showEnvVarsInLog = 0;
		};
/* End PBXShellScriptBuildPhase section */

/* Begin PBXSourcesBuildPhase section */
		E9EEAE21214A950600CCE95B /* Sources */ = {
			isa = PBXSourcesBuildPhase;
			buildActionMask = 2147483647;
			files = (
				E9EEAEAC214B438E00CCE95B /* ZCService.swift in Sources */,
				E9EEAE63214ACD4400CCE95B /* CareKitViewController.swift in Sources */,
				E9EEAEB3214B452300CCE95B /* MockService.swift in Sources */,
				E9EEAE2B214A950600CCE95B /* ViewController.swift in Sources */,
				E9EEAEAE214B439B00CCE95B /* ZCServiceProvider.swift in Sources */,
				E9EEAE29214A950600CCE95B /* AppDelegate.swift in Sources */,
				E9EEAEB8214B464300CCE95B /* Activity.swift in Sources */,
				E9EEAEC6214B552000CCE95B /* EmoryHealthViewController.swift in Sources */,
				E9EEAEB2214B452300CCE95B /* MockResource.swift in Sources */,
				E9EEAEB7214B464300CCE95B /* CarePlan.swift in Sources */,
				E937502A215C4104006FE577 /* LoginViewController.swift in Sources */,
			);
			runOnlyForDeploymentPostprocessing = 0;
		};
/* End PBXSourcesBuildPhase section */

/* Begin PBXTargetDependency section */
		E9EEAE5B214A98DF00CCE95B /* PBXTargetDependency */ = {
			isa = PBXTargetDependency;
			name = ResearchKit;
			targetProxy = E9EEAE5A214A98DF00CCE95B /* PBXContainerItemProxy */;
		};
		E9EEAE60214A98E500CCE95B /* PBXTargetDependency */ = {
			isa = PBXTargetDependency;
			name = CareKit;
			targetProxy = E9EEAE5F214A98E500CCE95B /* PBXContainerItemProxy */;
		};
/* End PBXTargetDependency section */

/* Begin PBXVariantGroup section */
		E9EEAE2C214A950600CCE95B /* Main.storyboard */ = {
			isa = PBXVariantGroup;
			children = (
				E9EEAE2D214A950600CCE95B /* Base */,
			);
			name = Main.storyboard;
			sourceTree = "<group>";
		};
		E9EEAE31214A950900CCE95B /* LaunchScreen.storyboard */ = {
			isa = PBXVariantGroup;
			children = (
				E9EEAE32214A950900CCE95B /* Base */,
			);
			name = LaunchScreen.storyboard;
			sourceTree = "<group>";
		};
/* End PBXVariantGroup section */

/* Begin XCBuildConfiguration section */
		E9EEAE35214A950900CCE95B /* Debug */ = {
			isa = XCBuildConfiguration;
			buildSettings = {
				ALWAYS_SEARCH_USER_PATHS = NO;
				CLANG_ANALYZER_NONNULL = YES;
				CLANG_ANALYZER_NUMBER_OBJECT_CONVERSION = YES_AGGRESSIVE;
				CLANG_CXX_LANGUAGE_STANDARD = "gnu++14";
				CLANG_CXX_LIBRARY = "libc++";
				CLANG_ENABLE_MODULES = YES;
				CLANG_ENABLE_OBJC_ARC = YES;
				CLANG_ENABLE_OBJC_WEAK = YES;
				CLANG_WARN_BLOCK_CAPTURE_AUTORELEASING = YES;
				CLANG_WARN_BOOL_CONVERSION = YES;
				CLANG_WARN_COMMA = YES;
				CLANG_WARN_CONSTANT_CONVERSION = YES;
				CLANG_WARN_DEPRECATED_OBJC_IMPLEMENTATIONS = YES;
				CLANG_WARN_DIRECT_OBJC_ISA_USAGE = YES_ERROR;
				CLANG_WARN_DOCUMENTATION_COMMENTS = YES;
				CLANG_WARN_EMPTY_BODY = YES;
				CLANG_WARN_ENUM_CONVERSION = YES;
				CLANG_WARN_INFINITE_RECURSION = YES;
				CLANG_WARN_INT_CONVERSION = YES;
				CLANG_WARN_NON_LITERAL_NULL_CONVERSION = YES;
				CLANG_WARN_OBJC_IMPLICIT_RETAIN_SELF = YES;
				CLANG_WARN_OBJC_LITERAL_CONVERSION = YES;
				CLANG_WARN_OBJC_ROOT_CLASS = YES_ERROR;
				CLANG_WARN_RANGE_LOOP_ANALYSIS = YES;
				CLANG_WARN_STRICT_PROTOTYPES = YES;
				CLANG_WARN_SUSPICIOUS_MOVE = YES;
				CLANG_WARN_UNGUARDED_AVAILABILITY = YES_AGGRESSIVE;
				CLANG_WARN_UNREACHABLE_CODE = YES;
				CLANG_WARN__DUPLICATE_METHOD_MATCH = YES;
				CODE_SIGN_IDENTITY = "iPhone Developer";
				COPY_PHASE_STRIP = NO;
				DEBUG_INFORMATION_FORMAT = dwarf;
				ENABLE_STRICT_OBJC_MSGSEND = YES;
				ENABLE_TESTABILITY = YES;
				GCC_C_LANGUAGE_STANDARD = gnu11;
				GCC_DYNAMIC_NO_PIC = NO;
				GCC_NO_COMMON_BLOCKS = YES;
				GCC_OPTIMIZATION_LEVEL = 0;
				GCC_PREPROCESSOR_DEFINITIONS = (
					"DEBUG=1",
					"$(inherited)",
				);
				GCC_WARN_64_TO_32_BIT_CONVERSION = YES;
				GCC_WARN_ABOUT_RETURN_TYPE = YES_ERROR;
				GCC_WARN_UNDECLARED_SELECTOR = YES;
				GCC_WARN_UNINITIALIZED_AUTOS = YES_AGGRESSIVE;
				GCC_WARN_UNUSED_FUNCTION = YES;
				GCC_WARN_UNUSED_VARIABLE = YES;
				IPHONEOS_DEPLOYMENT_TARGET = 11.4;
				MTL_ENABLE_DEBUG_INFO = YES;
				ONLY_ACTIVE_ARCH = YES;
				SDKROOT = iphoneos;
				SWIFT_ACTIVE_COMPILATION_CONDITIONS = DEBUG;
				SWIFT_OPTIMIZATION_LEVEL = "-Onone";
			};
			name = Debug;
		};
		E9EEAE36214A950900CCE95B /* Release */ = {
			isa = XCBuildConfiguration;
			buildSettings = {
				ALWAYS_SEARCH_USER_PATHS = NO;
				CLANG_ANALYZER_NONNULL = YES;
				CLANG_ANALYZER_NUMBER_OBJECT_CONVERSION = YES_AGGRESSIVE;
				CLANG_CXX_LANGUAGE_STANDARD = "gnu++14";
				CLANG_CXX_LIBRARY = "libc++";
				CLANG_ENABLE_MODULES = YES;
				CLANG_ENABLE_OBJC_ARC = YES;
				CLANG_ENABLE_OBJC_WEAK = YES;
				CLANG_WARN_BLOCK_CAPTURE_AUTORELEASING = YES;
				CLANG_WARN_BOOL_CONVERSION = YES;
				CLANG_WARN_COMMA = YES;
				CLANG_WARN_CONSTANT_CONVERSION = YES;
				CLANG_WARN_DEPRECATED_OBJC_IMPLEMENTATIONS = YES;
				CLANG_WARN_DIRECT_OBJC_ISA_USAGE = YES_ERROR;
				CLANG_WARN_DOCUMENTATION_COMMENTS = YES;
				CLANG_WARN_EMPTY_BODY = YES;
				CLANG_WARN_ENUM_CONVERSION = YES;
				CLANG_WARN_INFINITE_RECURSION = YES;
				CLANG_WARN_INT_CONVERSION = YES;
				CLANG_WARN_NON_LITERAL_NULL_CONVERSION = YES;
				CLANG_WARN_OBJC_IMPLICIT_RETAIN_SELF = YES;
				CLANG_WARN_OBJC_LITERAL_CONVERSION = YES;
				CLANG_WARN_OBJC_ROOT_CLASS = YES_ERROR;
				CLANG_WARN_RANGE_LOOP_ANALYSIS = YES;
				CLANG_WARN_STRICT_PROTOTYPES = YES;
				CLANG_WARN_SUSPICIOUS_MOVE = YES;
				CLANG_WARN_UNGUARDED_AVAILABILITY = YES_AGGRESSIVE;
				CLANG_WARN_UNREACHABLE_CODE = YES;
				CLANG_WARN__DUPLICATE_METHOD_MATCH = YES;
				CODE_SIGN_IDENTITY = "iPhone Developer";
				COPY_PHASE_STRIP = NO;
				DEBUG_INFORMATION_FORMAT = "dwarf-with-dsym";
				ENABLE_NS_ASSERTIONS = NO;
				ENABLE_STRICT_OBJC_MSGSEND = YES;
				GCC_C_LANGUAGE_STANDARD = gnu11;
				GCC_NO_COMMON_BLOCKS = YES;
				GCC_WARN_64_TO_32_BIT_CONVERSION = YES;
				GCC_WARN_ABOUT_RETURN_TYPE = YES_ERROR;
				GCC_WARN_UNDECLARED_SELECTOR = YES;
				GCC_WARN_UNINITIALIZED_AUTOS = YES_AGGRESSIVE;
				GCC_WARN_UNUSED_FUNCTION = YES;
				GCC_WARN_UNUSED_VARIABLE = YES;
				IPHONEOS_DEPLOYMENT_TARGET = 11.4;
				MTL_ENABLE_DEBUG_INFO = NO;
				SDKROOT = iphoneos;
				SWIFT_COMPILATION_MODE = wholemodule;
				SWIFT_OPTIMIZATION_LEVEL = "-O";
				VALIDATE_PRODUCT = YES;
			};
			name = Release;
		};
		E9EEAE38214A950900CCE95B /* Debug */ = {
			isa = XCBuildConfiguration;
			baseConfigurationReference = 8DDF0DA6149C508A39165563 /* Pods-HelloWorldCK.debug.xcconfig */;
			buildSettings = {
				ALWAYS_EMBED_SWIFT_STANDARD_LIBRARIES = YES;
				ASSETCATALOG_COMPILER_APPICON_NAME = AppIcon;
				CODE_SIGN_ENTITLEMENTS = HelloWorldCK/HelloWorldCK.entitlements;
				CODE_SIGN_STYLE = Automatic;
				DEVELOPMENT_TEAM = P7XKP3B2C9;
				INFOPLIST_FILE = HelloWorldCK/Info.plist;
				LD_RUNPATH_SEARCH_PATHS = (
					"$(inherited)",
					"@executable_path/Frameworks",
				);
				PRODUCT_BUNDLE_IDENTIFIER = com.cosmicarrows.Intellect;
				PRODUCT_NAME = "$(TARGET_NAME)";
				SWIFT_VERSION = 4.0;
				TARGETED_DEVICE_FAMILY = "1,2";
			};
			name = Debug;
		};
		E9EEAE39214A950900CCE95B /* Release */ = {
			isa = XCBuildConfiguration;
			baseConfigurationReference = 326E1ABC1684EA1A554305C6 /* Pods-HelloWorldCK.release.xcconfig */;
			buildSettings = {
				ALWAYS_EMBED_SWIFT_STANDARD_LIBRARIES = YES;
				ASSETCATALOG_COMPILER_APPICON_NAME = AppIcon;
				CODE_SIGN_ENTITLEMENTS = HelloWorldCK/HelloWorldCK.entitlements;
				CODE_SIGN_STYLE = Automatic;
				DEVELOPMENT_TEAM = P7XKP3B2C9;
				INFOPLIST_FILE = HelloWorldCK/Info.plist;
				LD_RUNPATH_SEARCH_PATHS = (
					"$(inherited)",
					"@executable_path/Frameworks",
				);
				PRODUCT_BUNDLE_IDENTIFIER = com.cosmicarrows.Intellect;
				PRODUCT_NAME = "$(TARGET_NAME)";
				SWIFT_VERSION = 4.0;
				TARGETED_DEVICE_FAMILY = "1,2";
			};
			name = Release;
		};
/* End XCBuildConfiguration section */

/* Begin XCConfigurationList section */
		E9EEAE20214A950600CCE95B /* Build configuration list for PBXProject "HelloWorldCK" */ = {
			isa = XCConfigurationList;
			buildConfigurations = (
				E9EEAE35214A950900CCE95B /* Debug */,
				E9EEAE36214A950900CCE95B /* Release */,
			);
			defaultConfigurationIsVisible = 0;
			defaultConfigurationName = Release;
		};
		E9EEAE37214A950900CCE95B /* Build configuration list for PBXNativeTarget "HelloWorldCK" */ = {
			isa = XCConfigurationList;
			buildConfigurations = (
				E9EEAE38214A950900CCE95B /* Debug */,
				E9EEAE39214A950900CCE95B /* Release */,
			);
			defaultConfigurationIsVisible = 0;
			defaultConfigurationName = Release;
		};
/* End XCConfigurationList section */
	};
	rootObject = E9EEAE1D214A950600CCE95B /* Project object */;
}
